
Microsoft Visual Studio Solution File, Format Version 12.00
# Visual Studio 15
VisualStudioVersion = 15.0.27703.2047
MinimumVisualStudioVersion = 10.0.40219.1
Project("{FAE04EC0-301F-11D3-BF4B-00C04F79EFBC}") = "HomeAutomation", "HomeAutomation\HomeAutomation.csproj", "{E652F232-C1D5-4620-9B84-01AA9BA6EB5C}"
EndProject
Project("{FAE04EC0-301F-11D3-BF4B-00C04F79EFBC}") = "HomeAutomation.Tests", "HomeAutomation.Tests\HomeAutomation.Tests.csproj", "{3F264267-5B2D-4F8F-8E82-CA49837079F1}"
EndProject
Project("{FAE04EC0-301F-11D3-BF4B-00C04F79EFBC}") = "HomeAutomation.DAL", "HomeAutomation.DAL\HomeAutomation.DAL.csproj", "{4D844DCB-BC73-4406-AF78-BE4D3240572F}"
EndProject
Project("{FAE04EC0-301F-11D3-BF4B-00C04F79EFBC}") = "HomeAutomation.BLL", "HomeAutomation.BLL\HomeAutomation.BLL.csproj", "{ADD9CD4E-63EA-4603-BDBE-6961A559DFBB}"
EndProject
Project("{FAE04EC0-301F-11D3-BF4B-00C04F79EFBC}") = "HomeAutomation.Common", "HomeAutomation.Common\HomeAutomation.Common.csproj", "{0E4445A5-4C1F-4321-8078-8D20272C6FC3}"
EndProject
Global
	GlobalSection(SolutionConfigurationPlatforms) = preSolution
		Debug|Any CPU = Debug|Any CPU
		Release|Any CPU = Release|Any CPU
	EndGlobalSection
	GlobalSection(ProjectConfigurationPlatforms) = postSolution
		{E652F232-C1D5-4620-9B84-01AA9BA6EB5C}.Debug|Any CPU.ActiveCfg = Debug|Any CPU
		{E652F232-C1D5-4620-9B84-01AA9BA6EB5C}.Debug|Any CPU.Build.0 = Debug|Any CPU
		{E652F232-C1D5-4620-9B84-01AA9BA6EB5C}.Release|Any CPU.ActiveCfg = Release|Any CPU
		{E652F232-C1D5-4620-9B84-01AA9BA6EB5C}.Release|Any CPU.Build.0 = Release|Any CPU
		{3F264267-5B2D-4F8F-8E82-CA49837079F1}.Debug|Any CPU.ActiveCfg = Debug|Any CPU
		{3F264267-5B2D-4F8F-8E82-CA49837079F1}.Debug|Any CPU.Build.0 = Debug|Any CPU
		{3F264267-5B2D-4F8F-8E82-CA49837079F1}.Release|Any CPU.ActiveCfg = Release|Any CPU
		{3F264267-5B2D-4F8F-8E82-CA49837079F1}.Release|Any CPU.Build.0 = Release|Any CPU
		{4D844DCB-BC73-4406-AF78-BE4D3240572F}.Debug|Any CPU.ActiveCfg = Debug|Any CPU
		{4D844DCB-BC73-4406-AF78-BE4D3240572F}.Debug|Any CPU.Build.0 = Debug|Any CPU
		{4D844DCB-BC73-4406-AF78-BE4D3240572F}.Release|Any CPU.ActiveCfg = Release|Any CPU
		{4D844DCB-BC73-4406-AF78-BE4D3240572F}.Release|Any CPU.Build.0 = Release|Any CPU
		{ADD9CD4E-63EA-4603-BDBE-6961A559DFBB}.Debug|Any CPU.ActiveCfg = Debug|Any CPU
		{ADD9CD4E-63EA-4603-BDBE-6961A559DFBB}.Debug|Any CPU.Build.0 = Debug|Any CPU
		{ADD9CD4E-63EA-4603-BDBE-6961A559DFBB}.Release|Any CPU.ActiveCfg = Release|Any CPU
		{ADD9CD4E-63EA-4603-BDBE-6961A559DFBB}.Release|Any CPU.Build.0 = Release|Any CPU
		{0E4445A5-4C1F-4321-8078-8D20272C6FC3}.Debug|Any CPU.ActiveCfg = Debug|Any CPU
		{0E4445A5-4C1F-4321-8078-8D20272C6FC3}.Debug|Any CPU.Build.0 = Debug|Any CPU
		{0E4445A5-4C1F-4321-8078-8D20272C6FC3}.Release|Any CPU.ActiveCfg = Release|Any CPU
		{0E4445A5-4C1F-4321-8078-8D20272C6FC3}.Release|Any CPU.Build.0 = Release|Any CPU
	EndGlobalSection
	GlobalSection(SolutionProperties) = preSolution
		HideSolutionNode = FALSE
	EndGlobalSection
	GlobalSection(ExtensibilityGlobals) = postSolution
		SolutionGuid = {9C2F219D-A979-41A8-9353-859CF42FA5C9}
	EndGlobalSection
EndGlobal
